{
  "packages": [],
  "packages-dev": [
    {
      "name": "phpunit/phpunit",
      "version": "11.0.0"
    }
  ],
  "aliases": [],
  "minimum-stability": "stable",
  "stability-flags": [],
  "prefer-stable": false,
  "prefer-lowest": false,
  "platform": {},
  "platform-dev": {},
  "plugin-api-version": "2.6.0"
}
